
Microsoft Visual Studio Solution File, Format Version 12.00
# Visual Studio 2012
Project("{FAE04EC0-301F-11D3-BF4B-00C04F79EFBC}") = "ApiDocumenter", "ApiDocumentor\ApiDocumenter.csproj", "{59835A28-CD41-44A8-AB3A-B41EF8139F52}"
EndProject
Project("{FAE04EC0-301F-11D3-BF4B-00C04F79EFBC}") = "ApiDocumenter.Tests", "ApiDocumentor.Tests\ApiDocumenter.Tests.csproj", "{AB93D83A-615D-4DC2-B2F6-84D7D1A2E516}"
EndProject
Project("{2150E333-8FDC-42A3-9474-1A3956D46DE8}") = "Solution Items", "Solution Items", "{24CF19BC-CCE3-4F58-8D5F-3A4154987227}"
	ProjectSection(SolutionItems) = preProject
		.gitignore = .gitignore
	EndProjectSection
EndProject
Project("{FAE04EC0-301F-11D3-BF4B-00C04F79EFBC}") = "Voodoo", "..\..\voodoo\Voodoo\Voodoo.csproj", "{878AED33-344D-44CE-B11D-F9EA7A47113A}"
EndProject
Global
	GlobalSection(SolutionConfigurationPlatforms) = preSolution
		Debug|Any CPU = Debug|Any CPU
		Release|Any CPU = Release|Any CPU
	EndGlobalSection
	GlobalSection(ProjectConfigurationPlatforms) = postSolution
		{59835A28-CD41-44A8-AB3A-B41EF8139F52}.Debug|Any CPU.ActiveCfg = Debug|Any CPU
		{59835A28-CD41-44A8-AB3A-B41EF8139F52}.Debug|Any CPU.Build.0 = Debug|Any CPU
		{59835A28-CD41-44A8-AB3A-B41EF8139F52}.Release|Any CPU.ActiveCfg = Release|Any CPU
		{59835A28-CD41-44A8-AB3A-B41EF8139F52}.Release|Any CPU.Build.0 = Release|Any CPU
		{AB93D83A-615D-4DC2-B2F6-84D7D1A2E516}.Debug|Any CPU.ActiveCfg = Debug|Any CPU
		{AB93D83A-615D-4DC2-B2F6-84D7D1A2E516}.Debug|Any CPU.Build.0 = Debug|Any CPU
		{AB93D83A-615D-4DC2-B2F6-84D7D1A2E516}.Release|Any CPU.ActiveCfg = Release|Any CPU
		{AB93D83A-615D-4DC2-B2F6-84D7D1A2E516}.Release|Any CPU.Build.0 = Release|Any CPU
		{878AED33-344D-44CE-B11D-F9EA7A47113A}.Debug|Any CPU.ActiveCfg = Debug|Any CPU
		{878AED33-344D-44CE-B11D-F9EA7A47113A}.Debug|Any CPU.Build.0 = Debug|Any CPU
		{878AED33-344D-44CE-B11D-F9EA7A47113A}.Release|Any CPU.ActiveCfg = Release|Any CPU
		{878AED33-344D-44CE-B11D-F9EA7A47113A}.Release|Any CPU.Build.0 = Release|Any CPU
	EndGlobalSection
	GlobalSection(SolutionProperties) = preSolution
		HideSolutionNode = FALSE
	EndGlobalSection
EndGlobal
